
Microsoft Visual Studio Solution File, Format Version 12.00
# Visual Studio Version 17
VisualStudioVersion = 17.5.33530.505
MinimumVisualStudioVersion = 10.0.40219.1
Project("{FAE04EC0-301F-11D3-BF4B-00C04F79EFBC}") = "Webform", "Webform.csproj", "{AAF4D4F5-03A8-4096-817E-77E5EA4F8DC4}"
EndProject
Global
	GlobalSection(SolutionConfigurationPlatforms) = preSolution
		Debug|Any CPU = Debug|Any CPU
		Release|Any CPU = Release|Any CPU
	EndGlobalSection
	GlobalSection(ProjectConfigurationPlatforms) = postSolution
		{AAF4D4F5-03A8-4096-817E-77E5EA4F8DC4}.Debug|Any CPU.ActiveCfg = Debug|Any CPU
		{AAF4D4F5-03A8-4096-817E-77E5EA4F8DC4}.Debug|Any CPU.Build.0 = Debug|Any CPU
		{AAF4D4F5-03A8-4096-817E-77E5EA4F8DC4}.Release|Any CPU.ActiveCfg = Release|Any CPU
		{AAF4D4F5-03A8-4096-817E-77E5EA4F8DC4}.Release|Any CPU.Build.0 = Release|Any CPU
	EndGlobalSection
	GlobalSection(SolutionProperties) = preSolution
		HideSolutionNode = FALSE
	EndGlobalSection
	GlobalSection(ExtensibilityGlobals) = postSolution
		SolutionGuid = {35970A69-5BC5-4B71-B83D-E71924A94AD6}
	EndGlobalSection
EndGlobal
